// !$*UTF8*$!
{
	archiveVersion = 1;
	classes = {
	};
	objectVersion = 46;
	objects = {

/* Begin PBXBuildFile section */
		4E1D5864198C65610089EDD1 /* main.m in Sources */ = {isa = PBXBuildFile; fileRef = 4E1D5863198C65610089EDD1 /* main.m */; };
		4E1D5867198C65610089EDD1 /* AppDelegate.m in Sources */ = {isa = PBXBuildFile; fileRef = 4E1D5866198C65610089EDD1 /* AppDelegate.m */; };
		4E1D586A198C65610089EDD1 /* ViewController.m in Sources */ = {isa = PBXBuildFile; fileRef = 4E1D5869198C65610089EDD1 /* ViewController.m */; };
		4E1D586D198C65610089EDD1 /* Main.storyboard in Resources */ = {isa = PBXBuildFile; fileRef = 4E1D586B198C65610089EDD1 /* Main.storyboard */; };
		4E1D586F198C65610089EDD1 /* Images.xcassets in Resources */ = {isa = PBXBuildFile; fileRef = 4E1D586E198C65610089EDD1 /* Images.xcassets */; };
		4E1D587B198C65610089EDD1 /* Or_ElseTests.m in Sources */ = {isa = PBXBuildFile; fileRef = 4E1D587A198C65610089EDD1 /* Or_ElseTests.m */; };
/* End PBXBuildFile section */

/* Begin PBXContainerItemProxy section */
		4E1D5875198C65610089EDD1 /* PBXContainerItemProxy */ = {
			isa = PBXContainerItemProxy;
			containerPortal = 4E1D5856198C65610089EDD1 /* Project object */;
			proxyType = 1;
			remoteGlobalIDString = 4E1D585D198C65610089EDD1;
			remoteInfo = "Or Else";
		};
/* End PBXContainerItemProxy section */

/* Begin PBXFileReference section */
		4E1D585E198C65610089EDD1 /* Or Else.app */ = {isa = PBXFileReference; explicitFileType = wrapper.application; includeInIndex = 0; path = "Or Else.app"; sourceTree = BUILT_PRODUCTS_DIR; };
		4E1D5862198C65610089EDD1 /* Info.plist */ = {isa = PBXFileReference; lastKnownFileType = text.plist.xml; path = Info.plist; sourceTree = "<group>"; };
		4E1D5863198C65610089EDD1 /* main.m */ = {isa = PBXFileReference; lastKnownFileType = sourcecode.c.objc; path = main.m; sourceTree = "<group>"; };
		4E1D5865198C65610089EDD1 /* AppDelegate.h */ = {isa = PBXFileReference; lastKnownFileType = sourcecode.c.h; path = AppDelegate.h; sourceTree = "<group>"; };
		4E1D5866198C65610089EDD1 /* AppDelegate.m */ = {isa = PBXFileReference; lastKnownFileType = sourcecode.c.objc; path = AppDelegate.m; sourceTree = "<group>"; };
		4E1D5868198C65610089EDD1 /* ViewController.h */ = {isa = PBXFileReference; lastKnownFileType = sourcecode.c.h; path = ViewController.h; sourceTree = "<group>"; };
		4E1D5869198C65610089EDD1 /* ViewController.m */ = {isa = PBXFileReference; lastKnownFileType = sourcecode.c.objc; path = ViewController.m; sourceTree = "<group>"; };
		4E1D586C198C65610089EDD1 /* Base */ = {isa = PBXFileReference; lastKnownFileType = file.storyboard; name = Base; path = Base.lproj/Main.storyboard; sourceTree = "<group>"; };
		4E1D586E198C65610089EDD1 /* Images.xcassets */ = {isa = PBXFileReference; lastKnownFileType = folder.assetcatalog; path = Images.xcassets; sourceTree = "<group>"; };
		4E1D5874198C65610089EDD1 /* Or ElseTests.xctest */ = {isa = PBXFileReference; explicitFileType = wrapper.cfbundle; includeInIndex = 0; path = "Or ElseTests.xctest"; sourceTree = BUILT_PRODUCTS_DIR; };
		4E1D5879198C65610089EDD1 /* Info.plist */ = {isa = PBXFileReference; lastKnownFileType = text.plist.xml; path = Info.plist; sourceTree = "<group>"; };
		4E1D587A198C65610089EDD1 /* Or_ElseTests.m */ = {isa = PBXFileReference; lastKnownFileType = sourcecode.c.objc; path = Or_ElseTests.m; sourceTree = "<group>"; };
/* End PBXFileReference section */

/* Begin PBXFrameworksBuildPhase section */
		4E1D585B198C65610089EDD1 /* Frameworks */ = {
			isa = PBXFrameworksBuildPhase;
			buildActionMask = 2147483647;
			files = (
			);
			runOnlyForDeploymentPostprocessing = 0;
		};
		4E1D5871198C65610089EDD1 /* Frameworks */ = {
			isa = PBXFrameworksBuildPhase;
			buildActionMask = 2147483647;
			files = (
			);
			runOnlyForDeploymentPostprocessing = 0;
		};
/* End PBXFrameworksBuildPhase section */

/* Begin PBXGroup section */
		4E1D5855198C65610089EDD1 = {
			isa = PBXGroup;
			children = (
				4E1D5860198C65610089EDD1 /* Or Else */,
				4E1D5877198C65610089EDD1 /* Or ElseTests */,
				4E1D585F198C65610089EDD1 /* Products */,
			);
			sourceTree = "<group>";
		};
		4E1D585F198C65610089EDD1 /* Products */ = {
			isa = PBXGroup;
			children = (
				4E1D585E198C65610089EDD1 /* Or Else.app */,
				4E1D5874198C65610089EDD1 /* Or ElseTests.xctest */,
			);
			name = Products;
			sourceTree = "<group>";
		};
		4E1D5860198C65610089EDD1 /* Or Else */ = {
			isa = PBXGroup;
			children = (
				4E1D5865198C65610089EDD1 /* AppDelegate.h */,
				4E1D5866198C65610089EDD1 /* AppDelegate.m */,
				4E1D5868198C65610089EDD1 /* ViewController.h */,
				4E1D5869198C65610089EDD1 /* ViewController.m */,
				4E1D586B198C65610089EDD1 /* Main.storyboard */,
				4E1D586E198C65610089EDD1 /* Images.xcassets */,
				4E1D5861198C65610089EDD1 /* Supporting Files */,
			);
			path = "Or Else";
			sourceTree = "<group>";
		};
		4E1D5861198C65610089EDD1 /* Supporting Files */ = {
			isa = PBXGroup;
			children = (
				4E1D5862198C65610089EDD1 /* Info.plist */,
				4E1D5863198C65610089EDD1 /* main.m */,
			);
			name = "Supporting Files";
			sourceTree = "<group>";
		};
		4E1D5877198C65610089EDD1 /* Or ElseTests */ = {
			isa = PBXGroup;
			children = (
				4E1D587A198C65610089EDD1 /* Or_ElseTests.m */,
				4E1D5878198C65610089EDD1 /* Supporting Files */,
			);
			path = "Or ElseTests";
			sourceTree = "<group>";
		};
		4E1D5878198C65610089EDD1 /* Supporting Files */ = {
			isa = PBXGroup;
			children = (
				4E1D5879198C65610089EDD1 /* Info.plist */,
			);
			name = "Supporting Files";
			sourceTree = "<group>";
		};
/* End PBXGroup section */

/* Begin PBXNativeTarget section */
		4E1D585D198C65610089EDD1 /* Or Else */ = {
			isa = PBXNativeTarget;
			buildConfigurationList = 4E1D587E198C65610089EDD1 /* Build configuration list for PBXNativeTarget "Or Else" */;
			buildPhases = (
				4E1D585A198C65610089EDD1 /* Sources */,
				4E1D585B198C65610089EDD1 /* Frameworks */,
				4E1D585C198C65610089EDD1 /* Resources */,
			);
			buildRules = (
			);
			dependencies = (
			);
			name = "Or Else";
			productName = "Or Else";
			productReference = 4E1D585E198C65610089EDD1 /* Or Else.app */;
			productType = "com.apple.product-type.application";
		};
		4E1D5873198C65610089EDD1 /* Or ElseTests */ = {
			isa = PBXNativeTarget;
			buildConfigurationList = 4E1D5881198C65610089EDD1 /* Build configuration list for PBXNativeTarget "Or ElseTests" */;
			buildPhases = (
				4E1D5870198C65610089EDD1 /* Sources */,
				4E1D5871198C65610089EDD1 /* Frameworks */,
				4E1D5872198C65610089EDD1 /* Resources */,
			);
			buildRules = (
			);
			dependencies = (
				4E1D5876198C65610089EDD1 /* PBXTargetDependency */,
			);
			name = "Or ElseTests";
			productName = "Or ElseTests";
			productReference = 4E1D5874198C65610089EDD1 /* Or ElseTests.xctest */;
			productType = "com.apple.product-type.bundle.unit-test";
		};
/* End PBXNativeTarget section */

/* Begin PBXProject section */
		4E1D5856198C65610089EDD1 /* Project object */ = {
			isa = PBXProject;
			attributes = {
				LastUpgradeCheck = 0600;
				ORGANIZATIONNAME = "Tosin Afolabi";
				TargetAttributes = {
					4E1D585D198C65610089EDD1 = {
						CreatedOnToolsVersion = 6.0;
					};
					4E1D5873198C65610089EDD1 = {
						CreatedOnToolsVersion = 6.0;
						TestTargetID = 4E1D585D198C65610089EDD1;
					};
				};
			};
			buildConfigurationList = 4E1D5859198C65610089EDD1 /* Build configuration list for PBXProject "Or Else" */;
			compatibilityVersion = "Xcode 3.2";
			developmentRegion = English;
			hasScannedForEncodings = 0;
			knownRegions = (
				en,
				Base,
			);
			mainGroup = 4E1D5855198C65610089EDD1;
			productRefGroup = 4E1D585F198C65610089EDD1 /* Products */;
			projectDirPath = "";
			projectRoot = "";
			targets = (
				4E1D585D198C65610089EDD1 /* Or Else */,
				4E1D5873198C65610089EDD1 /* Or ElseTests */,
			);
		};
/* End PBXProject section */

/* Begin PBXResourcesBuildPhase section */
		4E1D585C198C65610089EDD1 /* Resources */ = {
			isa = PBXResourcesBuildPhase;
			buildActionMask = 2147483647;
			files = (
				4E1D586D198C65610089EDD1 /* Main.storyboard in Resources */,
				4E1D586F198C65610089EDD1 /* Images.xcassets in Resources */,
			);
			runOnlyForDeploymentPostprocessing = 0;
		};
		4E1D5872198C65610089EDD1 /* Resources */ = {
			isa = PBXResourcesBuildPhase;
			buildActionMask = 2147483647;
			files = (
			);
			runOnlyForDeploymentPostprocessing = 0;
		};
/* End PBXResourcesBuildPhase section */

/* Begin PBXSourcesBuildPhase section */
		4E1D585A198C65610089EDD1 /* Sources */ = {
			isa = PBXSourcesBuildPhase;
			buildActionMask = 2147483647;
			files = (
				4E1D586A198C65610089EDD1 /* ViewController.m in Sources */,
				4E1D5867198C65610089EDD1 /* AppDelegate.m in Sources */,
				4E1D5864198C65610089EDD1 /* main.m in Sources */,
			);
			runOnlyForDeploymentPostprocessing = 0;
		};
		4E1D5870198C65610089EDD1 /* Sources */ = {
			isa = PBXSourcesBuildPhase;
			buildActionMask = 2147483647;
			files = (
				4E1D587B198C65610089EDD1 /* Or_ElseTests.m in Sources */,
			);
			runOnlyForDeploymentPostprocessing = 0;
		};
/* End PBXSourcesBuildPhase section */

/* Begin PBXTargetDependency section */
		4E1D5876198C65610089EDD1 /* PBXTargetDependency */ = {
			isa = PBXTargetDependency;
			target = 4E1D585D198C65610089EDD1 /* Or Else */;
			targetProxy = 4E1D5875198C65610089EDD1 /* PBXContainerItemProxy */;
		};
/* End PBXTargetDependency section */

/* Begin PBXVariantGroup section */
		4E1D586B198C65610089EDD1 /* Main.storyboard */ = {
			isa = PBXVariantGroup;
			children = (
				4E1D586C198C65610089EDD1 /* Base */,
			);
			name = Main.storyboard;
			sourceTree = "<group>";
		};
/* End PBXVariantGroup section */

/* Begin XCBuildConfiguration section */
		4E1D587C198C65610089EDD1 /* Debug */ = {
			isa = XCBuildConfiguration;
			buildSettings = {
				ALWAYS_SEARCH_USER_PATHS = NO;
				CLANG_CXX_LANGUAGE_STANDARD = "gnu++0x";
				CLANG_CXX_LIBRARY = "libc++";
				CLANG_ENABLE_MODULES = YES;
				CLANG_ENABLE_OBJC_ARC = YES;
				CLANG_WARN_BOOL_CONVERSION = YES;
				CLANG_WARN_CONSTANT_CONVERSION = YES;
				CLANG_WARN_DIRECT_OBJC_ISA_USAGE = YES_ERROR;
				CLANG_WARN_EMPTY_BODY = YES;
				CLANG_WARN_ENUM_CONVERSION = YES;
				CLANG_WARN_INT_CONVERSION = YES;
				CLANG_WARN_OBJC_ROOT_CLASS = YES_ERROR;
				CLANG_WARN_UNREACHABLE_CODE = YES;
				CLANG_WARN__DUPLICATE_METHOD_MATCH = YES;
				"CODE_SIGN_IDENTITY[sdk=iphoneos*]" = "iPhone Developer";
				COPY_PHASE_STRIP = NO;
				ENABLE_STRICT_OBJC_MSGSEND = YES;
				GCC_C_LANGUAGE_STANDARD = gnu99;
				GCC_DYNAMIC_NO_PIC = NO;
				GCC_OPTIMIZATION_LEVEL = 0;
				GCC_PREPROCESSOR_DEFINITIONS = (
					"DEBUG=1",
					"$(inherited)",
				);
				GCC_SYMBOLS_PRIVATE_EXTERN = NO;
				GCC_WARN_64_TO_32_BIT_CONVERSION = YES;
				GCC_WARN_ABOUT_RETURN_TYPE = YES_ERROR;
				GCC_WARN_UNDECLARED_SELECTOR = YES;
				GCC_WARN_UNINITIALIZED_AUTOS = YES_AGGRESSIVE;
				GCC_WARN_UNUSED_FUNCTION = YES;
				GCC_WARN_UNUSED_VARIABLE = YES;
				IPHONEOS_DEPLOYMENT_TARGET = 8.0;
				MTL_ENABLE_DEBUG_INFO = YES;
				ONLY_ACTIVE_ARCH = YES;
				SDKROOT = iphoneos;
			};
			name = Debug;
		};
		4E1D587D198C65610089EDD1 /* Release */ = {
			isa = XCBuildConfiguration;
			buildSettings = {
				ALWAYS_SEARCH_USER_PATHS = NO;
				CLANG_CXX_LANGUAGE_STANDARD = "gnu++0x";
				CLANG_CXX_LIBRARY = "libc++";
				CLANG_ENABLE_MODULES = YES;
				CLANG_ENABLE_OBJC_ARC = YES;
				CLANG_WARN_BOOL_CONVERSION = YES;
				CLANG_WARN_CONSTANT_CONVERSION = YES;
				CLANG_WARN_DIRECT_OBJC_ISA_USAGE = YES_ERROR;
				CLANG_WARN_EMPTY_BODY = YES;
				CLANG_WARN_ENUM_CONVERSION = YES;
				CLANG_WARN_INT_CONVERSION = YES;
				CLANG_WARN_OBJC_ROOT_CLASS = YES_ERROR;
				CLANG_WARN_UNREACHABLE_CODE = YES;
				CLANG_WARN__DUPLICATE_METHOD_MATCH = YES;
				"CODE_SIGN_IDENTITY[sdk=iphoneos*]" = "iPhone Developer";
				COPY_PHASE_STRIP = YES;
				ENABLE_NS_ASSERTIONS = NO;
				ENABLE_STRICT_OBJC_MSGSEND = YES;
				GCC_C_LANGUAGE_STANDARD = gnu99;
				GCC_WARN_64_TO_32_BIT_CONVERSION = YES;
				GCC_WARN_ABOUT_RETURN_TYPE = YES_ERROR;
				GCC_WARN_UNDECLARED_SELECTOR = YES;
				GCC_WARN_UNINITIALIZED_AUTOS = YES_AGGRESSIVE;
				GCC_WARN_UNUSED_FUNCTION = YES;
				GCC_WARN_UNUSED_VARIABLE = YES;
				IPHONEOS_DEPLOYMENT_TARGET = 8.0;
				MTL_ENABLE_DEBUG_INFO = NO;
				SDKROOT = iphoneos;
				VALIDATE_PRODUCT = YES;
			};
			name = Release;
		};
		4E1D587F198C65610089EDD1 /* Debug */ = {
			isa = XCBuildConfiguration;
			buildSettings = {
				ASSETCATALOG_COMPILER_APPICON_NAME = AppIcon;
				ASSETCATALOG_COMPILER_LAUNCHIMAGE_NAME = LaunchImage;
				INFOPLIST_FILE = "Or Else/Info.plist";
				LD_RUNPATH_SEARCH_PATHS = "$(inherited) @executable_path/Frameworks";
				PRODUCT_NAME = "$(TARGET_NAME)";
			};
			name = Debug;
		};
		4E1D5880198C65610089EDD1 /* Release */ = {
			isa = XCBuildConfiguration;
			buildSettings = {
				ASSETCATALOG_COMPILER_APPICON_NAME = AppIcon;
				ASSETCATALOG_COMPILER_LAUNCHIMAGE_NAME = LaunchImage;
				INFOPLIST_FILE = "Or Else/Info.plist";
				LD_RUNPATH_SEARCH_PATHS = "$(inherited) @executable_path/Frameworks";
				PRODUCT_NAME = "$(TARGET_NAME)";
			};
			name = Release;
		};
		4E1D5882198C65610089EDD1 /* Debug */ = {
			isa = XCBuildConfiguration;
			buildSettings = {
				BUNDLE_LOADER = "$(BUILT_PRODUCTS_DIR)/Or Else.app/Or Else";
				FRAMEWORK_SEARCH_PATHS = (
					"$(SDKROOT)/Developer/Library/Frameworks",
					"$(inherited)",
				);
				GCC_PREPROCESSOR_DEFINITIONS = (
					"DEBUG=1",
					"$(inherited)",
				);
				INFOPLIST_FILE = "Or ElseTests/Info.plist";
				LD_RUNPATH_SEARCH_PATHS = "$(inherited) @executable_path/Frameworks @loader_path/Frameworks";
				PRODUCT_NAME = "$(TARGET_NAME)";
				TEST_HOST = "$(BUNDLE_LOADER)";
			};
			name = Debug;
		};
		4E1D5883198C65610089EDD1 /* Release */ = {
			isa = XCBuildConfiguration;
			buildSettings = {
				BUNDLE_LOADER = "$(BUILT_PRODUCTS_DIR)/Or Else.app/Or Else";
				FRAMEWORK_SEARCH_PATHS = (
					"$(SDKROOT)/Developer/Library/Frameworks",
					"$(inherited)",
				);
				INFOPLIST_FILE = "Or ElseTests/Info.plist";
				LD_RUNPATH_SEARCH_PATHS = "$(inherited) @executable_path/Frameworks @loader_path/Frameworks";
				PRODUCT_NAME = "$(TARGET_NAME)";
				TEST_HOST = "$(BUNDLE_LOADER)";
			};
			name = Release;
		};
/* End XCBuildConfiguration section */

/* Begin XCConfigurationList section */
		4E1D5859198C65610089EDD1 /* Build configuration list for PBXProject "Or Else" */ = {
			isa = XCConfigurationList;
			buildConfigurations = (
				4E1D587C198C65610089EDD1 /* Debug */,
				4E1D587D198C65610089EDD1 /* Release */,
			);
			defaultConfigurationIsVisible = 0;
			defaultConfigurationName = Release;
		};
		4E1D587E198C65610089EDD1 /* Build configuration list for PBXNativeTarget "Or Else" */ = {
			isa = XCConfigurationList;
			buildConfigurations = (
				4E1D587F198C65610089EDD1 /* Debug */,
				4E1D5880198C65610089EDD1 /* Release */,
			);
			defaultConfigurationIsVisible = 0;
		};
		4E1D5881198C65610089EDD1 /* Build configuration list for PBXNativeTarget "Or ElseTests" */ = {
			isa = XCConfigurationList;
			buildConfigurations = (
				4E1D5882198C65610089EDD1 /* Debug */,
				4E1D5883198C65610089EDD1 /* Release */,
			);
			defaultConfigurationIsVisible = 0;
		};
/* End XCConfigurationList section */
	};
	rootObject = 4E1D5856198C65610089EDD1 /* Project object */;
}
