// !$*UTF8*$!
{
	archiveVersion = 1;
	classes = {
	};
	objectVersion = 46;
	objects = {

/* Begin PBXBuildFile section */
		37ECEE1119C1D3F1008D49A4 /* Parse.framework in Frameworks */ = {isa = PBXBuildFile; fileRef = 37C9771919C1D3A9000B98BB /* Parse.framework */; };
		37ECEE1419C1D59F008D49A4 /* FacebookHelper.m in Sources */ = {isa = PBXBuildFile; fileRef = 37ECEE1319C1D59F008D49A4 /* FacebookHelper.m */; };
		4E136F33198E49DE0014A93A /* OENewTaskViewController.m in Sources */ = {isa = PBXBuildFile; fileRef = 4E136F32198E49DE0014A93A /* OENewTaskViewController.m */; };
		4E136F36198E95B10014A93A /* OECardView.m in Sources */ = {isa = PBXBuildFile; fileRef = 4E136F35198E95B10014A93A /* OECardView.m */; };
		4E136F39198E966D0014A93A /* OEHeaderView.m in Sources */ = {isa = PBXBuildFile; fileRef = 4E136F38198E966D0014A93A /* OEHeaderView.m */; };
		4E1BD68D198C74E800CDBBE1 /* OELaunchViewController.m in Sources */ = {isa = PBXBuildFile; fileRef = 4E1BD68C198C74E800CDBBE1 /* OELaunchViewController.m */; };
		4E1BD690198C76B000CDBBE1 /* OEHomeViewController.m in Sources */ = {isa = PBXBuildFile; fileRef = 4E1BD68F198C76B000CDBBE1 /* OEHomeViewController.m */; };
		4E1BD696198C92E600CDBBE1 /* FBLogo.png in Resources */ = {isa = PBXBuildFile; fileRef = 4E1BD695198C92E600CDBBE1 /* FBLogo.png */; };
		4E1D5864198C65610089EDD1 /* main.m in Sources */ = {isa = PBXBuildFile; fileRef = 4E1D5863198C65610089EDD1 /* main.m */; };
		4E1D5867198C65610089EDD1 /* OEAppDelegate.m in Sources */ = {isa = PBXBuildFile; fileRef = 4E1D5866198C65610089EDD1 /* OEAppDelegate.m */; };
		4E1D586F198C65610089EDD1 /* Images.xcassets in Resources */ = {isa = PBXBuildFile; fileRef = 4E1D586E198C65610089EDD1 /* Images.xcassets */; };
		4E1D587B198C65610089EDD1 /* Or_ElseTests.m in Sources */ = {isa = PBXBuildFile; fileRef = 4E1D587A198C65610089EDD1 /* Or_ElseTests.m */; };
		4E32BB2419A3A4D00018452C /* OENotificationViewController.m in Sources */ = {isa = PBXBuildFile; fileRef = 4E32BB2319A3A4D00018452C /* OENotificationViewController.m */; };
		4E32BB2719A3B0D40018452C /* OEPlaceholderView.m in Sources */ = {isa = PBXBuildFile; fileRef = 4E32BB2619A3B0D40018452C /* OEPlaceholderView.m */; };
		4E404FFC19958D9900FB7086 /* CompleteButton.png in Resources */ = {isa = PBXBuildFile; fileRef = 4E404FF919958D9900FB7086 /* CompleteButton.png */; };
		4E404FFD19958D9900FB7086 /* FailButton.png in Resources */ = {isa = PBXBuildFile; fileRef = 4E404FFA19958D9900FB7086 /* FailButton.png */; };
		4E404FFE19958D9900FB7086 /* HanSolo.png in Resources */ = {isa = PBXBuildFile; fileRef = 4E404FFB19958D9900FB7086 /* HanSolo.png */; };
		4E40500119959C0200FB7086 /* OESubmitView.m in Sources */ = {isa = PBXBuildFile; fileRef = 4E40500019959C0200FB7086 /* OESubmitView.m */; };
		4E7B8AEE198CF6970032AB04 /* UIImage+OverlayColor.m in Sources */ = {isa = PBXBuildFile; fileRef = 4E7B8AED198CF6970032AB04 /* UIImage+OverlayColor.m */; };
		4EA355021997F017005D58F0 /* AudioToolbox.framework in Frameworks */ = {isa = PBXBuildFile; fileRef = 4EA355011997F017005D58F0 /* AudioToolbox.framework */; };
		4EA355041997F020005D58F0 /* CFNetwork.framework in Frameworks */ = {isa = PBXBuildFile; fileRef = 4EA355031997F020005D58F0 /* CFNetwork.framework */; };
		4EA355061997F02A005D58F0 /* CoreGraphics.framework in Frameworks */ = {isa = PBXBuildFile; fileRef = 4EA355051997F02A005D58F0 /* CoreGraphics.framework */; };
		4EA355081997F034005D58F0 /* CoreLocation.framework in Frameworks */ = {isa = PBXBuildFile; fileRef = 4EA355071997F034005D58F0 /* CoreLocation.framework */; };
		4EA3550A1997F042005D58F0 /* libz.dylib in Frameworks */ = {isa = PBXBuildFile; fileRef = 4EA355091997F042005D58F0 /* libz.dylib */; };
		4EA3550C1997F04E005D58F0 /* MobileCoreServices.framework in Frameworks */ = {isa = PBXBuildFile; fileRef = 4EA3550B1997F04E005D58F0 /* MobileCoreServices.framework */; };
		4EA3550E1997F056005D58F0 /* QuartzCore.framework in Frameworks */ = {isa = PBXBuildFile; fileRef = 4EA3550D1997F056005D58F0 /* QuartzCore.framework */; };
		4EA355101997F06A005D58F0 /* Security.framework in Frameworks */ = {isa = PBXBuildFile; fileRef = 4EA3550F1997F06A005D58F0 /* Security.framework */; };
		4EA355121997F07C005D58F0 /* SystemConfiguration.framework in Frameworks */ = {isa = PBXBuildFile; fileRef = 4EA355111997F07C005D58F0 /* SystemConfiguration.framework */; };
		4EA3551A1997F2E7005D58F0 /* Social.framework in Frameworks */ = {isa = PBXBuildFile; fileRef = 4EA355191997F2E7005D58F0 /* Social.framework */; };
		4ED0338E198CF3CE003D25A3 /* Montserrat-Bold.ttf in Resources */ = {isa = PBXBuildFile; fileRef = 4ED0338C198CF3CE003D25A3 /* Montserrat-Bold.ttf */; };
		4ED0338F198CF3CE003D25A3 /* Montserrat-Regular.ttf in Resources */ = {isa = PBXBuildFile; fileRef = 4ED0338D198CF3CE003D25A3 /* Montserrat-Regular.ttf */; };
		4ED0339F198D8439003D25A3 /* LaunchBackground.png in Resources */ = {isa = PBXBuildFile; fileRef = 4ED0339E198D8439003D25A3 /* LaunchBackground.png */; };
		4ED033A3198D98BD003D25A3 /* Campton-Bold.otf in Resources */ = {isa = PBXBuildFile; fileRef = 4ED033A0198D98BD003D25A3 /* Campton-Bold.otf */; };
		4ED033A4198D98BD003D25A3 /* Campton-Light.otf in Resources */ = {isa = PBXBuildFile; fileRef = 4ED033A1198D98BD003D25A3 /* Campton-Light.otf */; };
		4ED033A5198D98BD003D25A3 /* Campton-Thin.otf in Resources */ = {isa = PBXBuildFile; fileRef = 4ED033A2198D98BD003D25A3 /* Campton-Thin.otf */; };
		4ED033A9198D9A5D003D25A3 /* pointOne.png in Resources */ = {isa = PBXBuildFile; fileRef = 4ED033A6198D9A5D003D25A3 /* pointOne.png */; };
		4ED033AA198D9A5D003D25A3 /* pointThree.png in Resources */ = {isa = PBXBuildFile; fileRef = 4ED033A7198D9A5D003D25A3 /* pointThree.png */; };
		4ED033AB198D9A5D003D25A3 /* pointTwo.png in Resources */ = {isa = PBXBuildFile; fileRef = 4ED033A8198D9A5D003D25A3 /* pointTwo.png */; };
		B9BAB03A199AC52C00285729 /* libPods.a in Frameworks */ = {isa = PBXBuildFile; fileRef = B9BAB039199AC52C00285729 /* libPods.a */; };
		B9BAB03D199AC5F600285729 /* FacebookSDK.framework in Frameworks */ = {isa = PBXBuildFile; fileRef = B9BAB03B199AC5F600285729 /* FacebookSDK.framework */; };
/* End PBXBuildFile section */

/* Begin PBXContainerItemProxy section */
		4E1D5875198C65610089EDD1 /* PBXContainerItemProxy */ = {
			isa = PBXContainerItemProxy;
			containerPortal = 4E1D5856198C65610089EDD1 /* Project object */;
			proxyType = 1;
			remoteGlobalIDString = 4E1D585D198C65610089EDD1;
			remoteInfo = "Or Else";
		};
/* End PBXContainerItemProxy section */

/* Begin PBXFileReference section */
		2A64E4EFBF9547E290B05534 /* Pods.xcconfig */ = {isa = PBXFileReference; includeInIndex = 1; lastKnownFileType = text.xcconfig; name = Pods.xcconfig; path = Pods/Pods.xcconfig; sourceTree = "<group>"; };
		37C9771919C1D3A9000B98BB /* Parse.framework */ = {isa = PBXFileReference; lastKnownFileType = wrapper.framework; name = Parse.framework; path = "Or Else/Parse.framework"; sourceTree = "<group>"; };
		37ECEE1219C1D59F008D49A4 /* FacebookHelper.h */ = {isa = PBXFileReference; fileEncoding = 4; lastKnownFileType = sourcecode.c.h; name = FacebookHelper.h; path = Utilities/FacebookHelper.h; sourceTree = "<group>"; };
		37ECEE1319C1D59F008D49A4 /* FacebookHelper.m */ = {isa = PBXFileReference; fileEncoding = 4; lastKnownFileType = sourcecode.c.objc; name = FacebookHelper.m; path = Utilities/FacebookHelper.m; sourceTree = "<group>"; };
		4E136F31198E49DE0014A93A /* OENewTaskViewController.h */ = {isa = PBXFileReference; fileEncoding = 4; lastKnownFileType = sourcecode.c.h; path = OENewTaskViewController.h; sourceTree = "<group>"; };
		4E136F32198E49DE0014A93A /* OENewTaskViewController.m */ = {isa = PBXFileReference; fileEncoding = 4; lastKnownFileType = sourcecode.c.objc; path = OENewTaskViewController.m; sourceTree = "<group>"; };
		4E136F34198E95B10014A93A /* OECardView.h */ = {isa = PBXFileReference; fileEncoding = 4; lastKnownFileType = sourcecode.c.h; path = OECardView.h; sourceTree = "<group>"; };
		4E136F35198E95B10014A93A /* OECardView.m */ = {isa = PBXFileReference; fileEncoding = 4; lastKnownFileType = sourcecode.c.objc; path = OECardView.m; sourceTree = "<group>"; };
		4E136F37198E966D0014A93A /* OEHeaderView.h */ = {isa = PBXFileReference; fileEncoding = 4; lastKnownFileType = sourcecode.c.h; path = OEHeaderView.h; sourceTree = "<group>"; };
		4E136F38198E966D0014A93A /* OEHeaderView.m */ = {isa = PBXFileReference; fileEncoding = 4; lastKnownFileType = sourcecode.c.objc; path = OEHeaderView.m; sourceTree = "<group>"; };
		4E1BD68B198C74E800CDBBE1 /* OELaunchViewController.h */ = {isa = PBXFileReference; fileEncoding = 4; lastKnownFileType = sourcecode.c.h; path = OELaunchViewController.h; sourceTree = "<group>"; };
		4E1BD68C198C74E800CDBBE1 /* OELaunchViewController.m */ = {isa = PBXFileReference; fileEncoding = 4; lastKnownFileType = sourcecode.c.objc; path = OELaunchViewController.m; sourceTree = "<group>"; };
		4E1BD68E198C76B000CDBBE1 /* OEHomeViewController.h */ = {isa = PBXFileReference; fileEncoding = 4; lastKnownFileType = sourcecode.c.h; path = OEHomeViewController.h; sourceTree = "<group>"; };
		4E1BD68F198C76B000CDBBE1 /* OEHomeViewController.m */ = {isa = PBXFileReference; fileEncoding = 4; lastKnownFileType = sourcecode.c.objc; path = OEHomeViewController.m; sourceTree = "<group>"; };
		4E1BD695198C92E600CDBBE1 /* FBLogo.png */ = {isa = PBXFileReference; lastKnownFileType = image.png; path = FBLogo.png; sourceTree = "<group>"; };
		4E1D585E198C65610089EDD1 /* Or Else.app */ = {isa = PBXFileReference; explicitFileType = wrapper.application; includeInIndex = 0; path = "Or Else.app"; sourceTree = BUILT_PRODUCTS_DIR; };
		4E1D5862198C65610089EDD1 /* Info.plist */ = {isa = PBXFileReference; lastKnownFileType = text.plist.xml; path = Info.plist; sourceTree = "<group>"; };
		4E1D5863198C65610089EDD1 /* main.m */ = {isa = PBXFileReference; lastKnownFileType = sourcecode.c.objc; path = main.m; sourceTree = "<group>"; };
		4E1D5865198C65610089EDD1 /* OEAppDelegate.h */ = {isa = PBXFileReference; lastKnownFileType = sourcecode.c.h; path = OEAppDelegate.h; sourceTree = "<group>"; };
		4E1D5866198C65610089EDD1 /* OEAppDelegate.m */ = {isa = PBXFileReference; lastKnownFileType = sourcecode.c.objc; path = OEAppDelegate.m; sourceTree = "<group>"; };
		4E1D586E198C65610089EDD1 /* Images.xcassets */ = {isa = PBXFileReference; lastKnownFileType = folder.assetcatalog; path = Images.xcassets; sourceTree = "<group>"; };
		4E1D5874198C65610089EDD1 /* Or ElseTests.xctest */ = {isa = PBXFileReference; explicitFileType = wrapper.cfbundle; includeInIndex = 0; path = "Or ElseTests.xctest"; sourceTree = BUILT_PRODUCTS_DIR; };
		4E1D5879198C65610089EDD1 /* Info.plist */ = {isa = PBXFileReference; lastKnownFileType = text.plist.xml; path = Info.plist; sourceTree = "<group>"; };
		4E1D587A198C65610089EDD1 /* Or_ElseTests.m */ = {isa = PBXFileReference; lastKnownFileType = sourcecode.c.objc; path = Or_ElseTests.m; sourceTree = "<group>"; };
		4E32BB2219A3A4D00018452C /* OENotificationViewController.h */ = {isa = PBXFileReference; fileEncoding = 4; lastKnownFileType = sourcecode.c.h; path = OENotificationViewController.h; sourceTree = "<group>"; };
		4E32BB2319A3A4D00018452C /* OENotificationViewController.m */ = {isa = PBXFileReference; fileEncoding = 4; lastKnownFileType = sourcecode.c.objc; path = OENotificationViewController.m; sourceTree = "<group>"; };
		4E32BB2519A3B0D40018452C /* OEPlaceholderView.h */ = {isa = PBXFileReference; fileEncoding = 4; lastKnownFileType = sourcecode.c.h; path = OEPlaceholderView.h; sourceTree = "<group>"; };
		4E32BB2619A3B0D40018452C /* OEPlaceholderView.m */ = {isa = PBXFileReference; fileEncoding = 4; lastKnownFileType = sourcecode.c.objc; path = OEPlaceholderView.m; sourceTree = "<group>"; };
		4E404FF919958D9900FB7086 /* CompleteButton.png */ = {isa = PBXFileReference; lastKnownFileType = image.png; path = CompleteButton.png; sourceTree = "<group>"; };
		4E404FFA19958D9900FB7086 /* FailButton.png */ = {isa = PBXFileReference; lastKnownFileType = image.png; path = FailButton.png; sourceTree = "<group>"; };
		4E404FFB19958D9900FB7086 /* HanSolo.png */ = {isa = PBXFileReference; lastKnownFileType = image.png; path = HanSolo.png; sourceTree = "<group>"; };
		4E404FFF19959C0200FB7086 /* OESubmitView.h */ = {isa = PBXFileReference; fileEncoding = 4; lastKnownFileType = sourcecode.c.h; path = OESubmitView.h; sourceTree = "<group>"; };
		4E40500019959C0200FB7086 /* OESubmitView.m */ = {isa = PBXFileReference; fileEncoding = 4; lastKnownFileType = sourcecode.c.objc; path = OESubmitView.m; sourceTree = "<group>"; };
		4E7B8AEC198CF6970032AB04 /* UIImage+OverlayColor.h */ = {isa = PBXFileReference; fileEncoding = 4; lastKnownFileType = sourcecode.c.h; path = "UIImage+OverlayColor.h"; sourceTree = "<group>"; };
		4E7B8AED198CF6970032AB04 /* UIImage+OverlayColor.m */ = {isa = PBXFileReference; fileEncoding = 4; lastKnownFileType = sourcecode.c.objc; path = "UIImage+OverlayColor.m"; sourceTree = "<group>"; };
		4EA355011997F017005D58F0 /* AudioToolbox.framework */ = {isa = PBXFileReference; lastKnownFileType = wrapper.framework; name = AudioToolbox.framework; path = System/Library/Frameworks/AudioToolbox.framework; sourceTree = SDKROOT; };
		4EA355031997F020005D58F0 /* CFNetwork.framework */ = {isa = PBXFileReference; lastKnownFileType = wrapper.framework; name = CFNetwork.framework; path = System/Library/Frameworks/CFNetwork.framework; sourceTree = SDKROOT; };
		4EA355051997F02A005D58F0 /* CoreGraphics.framework */ = {isa = PBXFileReference; lastKnownFileType = wrapper.framework; name = CoreGraphics.framework; path = System/Library/Frameworks/CoreGraphics.framework; sourceTree = SDKROOT; };
		4EA355071997F034005D58F0 /* CoreLocation.framework */ = {isa = PBXFileReference; lastKnownFileType = wrapper.framework; name = CoreLocation.framework; path = System/Library/Frameworks/CoreLocation.framework; sourceTree = SDKROOT; };
		4EA355091997F042005D58F0 /* libz.dylib */ = {isa = PBXFileReference; lastKnownFileType = "compiled.mach-o.dylib"; name = libz.dylib; path = usr/lib/libz.dylib; sourceTree = SDKROOT; };
		4EA3550B1997F04E005D58F0 /* MobileCoreServices.framework */ = {isa = PBXFileReference; lastKnownFileType = wrapper.framework; name = MobileCoreServices.framework; path = System/Library/Frameworks/MobileCoreServices.framework; sourceTree = SDKROOT; };
		4EA3550D1997F056005D58F0 /* QuartzCore.framework */ = {isa = PBXFileReference; lastKnownFileType = wrapper.framework; name = QuartzCore.framework; path = System/Library/Frameworks/QuartzCore.framework; sourceTree = SDKROOT; };
		4EA3550F1997F06A005D58F0 /* Security.framework */ = {isa = PBXFileReference; lastKnownFileType = wrapper.framework; name = Security.framework; path = System/Library/Frameworks/Security.framework; sourceTree = SDKROOT; };
		4EA355111997F07C005D58F0 /* SystemConfiguration.framework */ = {isa = PBXFileReference; lastKnownFileType = wrapper.framework; name = SystemConfiguration.framework; path = System/Library/Frameworks/SystemConfiguration.framework; sourceTree = SDKROOT; };
		4EA355191997F2E7005D58F0 /* Social.framework */ = {isa = PBXFileReference; lastKnownFileType = wrapper.framework; name = Social.framework; path = System/Library/Frameworks/Social.framework; sourceTree = SDKROOT; };
		4ED0338C198CF3CE003D25A3 /* Montserrat-Bold.ttf */ = {isa = PBXFileReference; lastKnownFileType = file; path = "Montserrat-Bold.ttf"; sourceTree = "<group>"; };
		4ED0338D198CF3CE003D25A3 /* Montserrat-Regular.ttf */ = {isa = PBXFileReference; lastKnownFileType = file; path = "Montserrat-Regular.ttf"; sourceTree = "<group>"; };
		4ED0339E198D8439003D25A3 /* LaunchBackground.png */ = {isa = PBXFileReference; lastKnownFileType = image.png; path = LaunchBackground.png; sourceTree = "<group>"; };
		4ED033A0198D98BD003D25A3 /* Campton-Bold.otf */ = {isa = PBXFileReference; lastKnownFileType = file; path = "Campton-Bold.otf"; sourceTree = "<group>"; };
		4ED033A1198D98BD003D25A3 /* Campton-Light.otf */ = {isa = PBXFileReference; lastKnownFileType = file; path = "Campton-Light.otf"; sourceTree = "<group>"; };
		4ED033A2198D98BD003D25A3 /* Campton-Thin.otf */ = {isa = PBXFileReference; lastKnownFileType = file; path = "Campton-Thin.otf"; sourceTree = "<group>"; };
		4ED033A6198D9A5D003D25A3 /* pointOne.png */ = {isa = PBXFileReference; lastKnownFileType = image.png; path = pointOne.png; sourceTree = "<group>"; };
		4ED033A7198D9A5D003D25A3 /* pointThree.png */ = {isa = PBXFileReference; lastKnownFileType = image.png; path = pointThree.png; sourceTree = "<group>"; };
		4ED033A8198D9A5D003D25A3 /* pointTwo.png */ = {isa = PBXFileReference; lastKnownFileType = image.png; path = pointTwo.png; sourceTree = "<group>"; };
		B9BAB039199AC52C00285729 /* libPods.a */ = {isa = PBXFileReference; lastKnownFileType = archive.ar; name = libPods.a; path = "Pods/build/Debug-iphoneos/libPods.a"; sourceTree = "<group>"; };
		B9BAB03B199AC5F600285729 /* FacebookSDK.framework */ = {isa = PBXFileReference; lastKnownFileType = wrapper.framework; name = FacebookSDK.framework; path = "Or Else/FacebookSDK.framework"; sourceTree = "<group>"; };
		D3A1C293780A4098863AB0EC /* libPods.a */ = {isa = PBXFileReference; explicitFileType = archive.ar; includeInIndex = 0; path = libPods.a; sourceTree = BUILT_PRODUCTS_DIR; };
/* End PBXFileReference section */

/* Begin PBXFrameworksBuildPhase section */
		4E1D585B198C65610089EDD1 /* Frameworks */ = {
			isa = PBXFrameworksBuildPhase;
			buildActionMask = 2147483647;
			files = (
				37ECEE1119C1D3F1008D49A4 /* Parse.framework in Frameworks */,
				B9BAB03A199AC52C00285729 /* libPods.a in Frameworks */,
				4EA3551A1997F2E7005D58F0 /* Social.framework in Frameworks */,
				4EA355121997F07C005D58F0 /* SystemConfiguration.framework in Frameworks */,
				4EA355101997F06A005D58F0 /* Security.framework in Frameworks */,
				4EA3550E1997F056005D58F0 /* QuartzCore.framework in Frameworks */,
				B9BAB03D199AC5F600285729 /* FacebookSDK.framework in Frameworks */,
				4EA3550C1997F04E005D58F0 /* MobileCoreServices.framework in Frameworks */,
				4EA3550A1997F042005D58F0 /* libz.dylib in Frameworks */,
				4EA355081997F034005D58F0 /* CoreLocation.framework in Frameworks */,
				4EA355061997F02A005D58F0 /* CoreGraphics.framework in Frameworks */,
				4EA355041997F020005D58F0 /* CFNetwork.framework in Frameworks */,
				4EA355021997F017005D58F0 /* AudioToolbox.framework in Frameworks */,
			);
			runOnlyForDeploymentPostprocessing = 0;
		};
		4E1D5871198C65610089EDD1 /* Frameworks */ = {
			isa = PBXFrameworksBuildPhase;
			buildActionMask = 2147483647;
			files = (
			);
			runOnlyForDeploymentPostprocessing = 0;
		};
/* End PBXFrameworksBuildPhase section */

/* Begin PBXGroup section */
		2F766E57282046E08578FBF0 /* Frameworks */ = {
			isa = PBXGroup;
			children = (
				37C9771919C1D3A9000B98BB /* Parse.framework */,
				B9BAB03B199AC5F600285729 /* FacebookSDK.framework */,
				B9BAB039199AC52C00285729 /* libPods.a */,
				4EA355191997F2E7005D58F0 /* Social.framework */,
				4EA355111997F07C005D58F0 /* SystemConfiguration.framework */,
				4EA3550F1997F06A005D58F0 /* Security.framework */,
				4EA3550D1997F056005D58F0 /* QuartzCore.framework */,
				4EA3550B1997F04E005D58F0 /* MobileCoreServices.framework */,
				4EA355091997F042005D58F0 /* libz.dylib */,
				4EA355071997F034005D58F0 /* CoreLocation.framework */,
				4EA355051997F02A005D58F0 /* CoreGraphics.framework */,
				4EA355031997F020005D58F0 /* CFNetwork.framework */,
				4EA355011997F017005D58F0 /* AudioToolbox.framework */,
				D3A1C293780A4098863AB0EC /* libPods.a */,
			);
			name = Frameworks;
			sourceTree = "<group>";
		};
		37ECEE1519C1D5A6008D49A4 /* Utilities */ = {
			isa = PBXGroup;
			children = (
				37ECEE1219C1D59F008D49A4 /* FacebookHelper.h */,
				37ECEE1319C1D59F008D49A4 /* FacebookHelper.m */,
			);
			name = Utilities;
			sourceTree = "<group>";
		};
		4E1BD691198C8FD600CDBBE1 /* Views */ = {
			isa = PBXGroup;
			children = (
				4E136F34198E95B10014A93A /* OECardView.h */,
				4E136F35198E95B10014A93A /* OECardView.m */,
				4E32BB2519A3B0D40018452C /* OEPlaceholderView.h */,
				4E32BB2619A3B0D40018452C /* OEPlaceholderView.m */,
				4E404FFF19959C0200FB7086 /* OESubmitView.h */,
				4E40500019959C0200FB7086 /* OESubmitView.m */,
				4E136F37198E966D0014A93A /* OEHeaderView.h */,
				4E136F38198E966D0014A93A /* OEHeaderView.m */,
			);
			name = Views;
			sourceTree = "<group>";
		};
		4E1D5855198C65610089EDD1 = {
			isa = PBXGroup;
			children = (
				4E1D5860198C65610089EDD1 /* Or Else */,
				4E1D5877198C65610089EDD1 /* Or ElseTests */,
				4E1D585F198C65610089EDD1 /* Products */,
				2A64E4EFBF9547E290B05534 /* Pods.xcconfig */,
				2F766E57282046E08578FBF0 /* Frameworks */,
			);
			sourceTree = "<group>";
		};
		4E1D585F198C65610089EDD1 /* Products */ = {
			isa = PBXGroup;
			children = (
				4E1D585E198C65610089EDD1 /* Or Else.app */,
				4E1D5874198C65610089EDD1 /* Or ElseTests.xctest */,
			);
			name = Products;
			sourceTree = "<group>";
		};
		4E1D5860198C65610089EDD1 /* Or Else */ = {
			isa = PBXGroup;
			children = (
				4E1D5865198C65610089EDD1 /* OEAppDelegate.h */,
				4E1D5866198C65610089EDD1 /* OEAppDelegate.m */,
				4E1BD68B198C74E800CDBBE1 /* OELaunchViewController.h */,
				4E1BD68C198C74E800CDBBE1 /* OELaunchViewController.m */,
				4E1BD68E198C76B000CDBBE1 /* OEHomeViewController.h */,
				4E1BD68F198C76B000CDBBE1 /* OEHomeViewController.m */,
				4E136F31198E49DE0014A93A /* OENewTaskViewController.h */,
				4E136F32198E49DE0014A93A /* OENewTaskViewController.m */,
				4E32BB2219A3A4D00018452C /* OENotificationViewController.h */,
				4E32BB2319A3A4D00018452C /* OENotificationViewController.m */,
				4ED03392198CF605003D25A3 /* Categories */,
				37ECEE1519C1D5A6008D49A4 /* Utilities */,
				4E1BD691198C8FD600CDBBE1 /* Views */,
				4ED03389198CF37F003D25A3 /* Fonts */,
				4E1D586E198C65610089EDD1 /* Images.xcassets */,
				4E404FF919958D9900FB7086 /* CompleteButton.png */,
				4E404FFA19958D9900FB7086 /* FailButton.png */,
				4E404FFB19958D9900FB7086 /* HanSolo.png */,
				4ED033A6198D9A5D003D25A3 /* pointOne.png */,
				4ED033A7198D9A5D003D25A3 /* pointThree.png */,
				4ED033A8198D9A5D003D25A3 /* pointTwo.png */,
				4E1BD695198C92E600CDBBE1 /* FBLogo.png */,
				4ED0339E198D8439003D25A3 /* LaunchBackground.png */,
				4E1D5861198C65610089EDD1 /* Supporting Files */,
			);
			path = "Or Else";
			sourceTree = "<group>";
		};
		4E1D5861198C65610089EDD1 /* Supporting Files */ = {
			isa = PBXGroup;
			children = (
				4E1D5862198C65610089EDD1 /* Info.plist */,
				4E1D5863198C65610089EDD1 /* main.m */,
			);
			name = "Supporting Files";
			sourceTree = "<group>";
		};
		4E1D5877198C65610089EDD1 /* Or ElseTests */ = {
			isa = PBXGroup;
			children = (
				4E1D587A198C65610089EDD1 /* Or_ElseTests.m */,
				4E1D5878198C65610089EDD1 /* Supporting Files */,
			);
			path = "Or ElseTests";
			sourceTree = "<group>";
		};
		4E1D5878198C65610089EDD1 /* Supporting Files */ = {
			isa = PBXGroup;
			children = (
				4E1D5879198C65610089EDD1 /* Info.plist */,
			);
			name = "Supporting Files";
			sourceTree = "<group>";
		};
		4ED03389198CF37F003D25A3 /* Fonts */ = {
			isa = PBXGroup;
			children = (
				4ED0338C198CF3CE003D25A3 /* Montserrat-Bold.ttf */,
				4ED0338D198CF3CE003D25A3 /* Montserrat-Regular.ttf */,
				4ED033A0198D98BD003D25A3 /* Campton-Bold.otf */,
				4ED033A1198D98BD003D25A3 /* Campton-Light.otf */,
				4ED033A2198D98BD003D25A3 /* Campton-Thin.otf */,
			);
			name = Fonts;
			sourceTree = "<group>";
		};
		4ED03392198CF605003D25A3 /* Categories */ = {
			isa = PBXGroup;
			children = (
				4E7B8AEC198CF6970032AB04 /* UIImage+OverlayColor.h */,
				4E7B8AED198CF6970032AB04 /* UIImage+OverlayColor.m */,
			);
			name = Categories;
			sourceTree = "<group>";
		};
/* End PBXGroup section */

/* Begin PBXNativeTarget section */
		4E1D585D198C65610089EDD1 /* Or Else */ = {
			isa = PBXNativeTarget;
			buildConfigurationList = 4E1D587E198C65610089EDD1 /* Build configuration list for PBXNativeTarget "Or Else" */;
			buildPhases = (
				20E0EA41B41D489591741678 /* Check Pods Manifest.lock */,
				4E1D585A198C65610089EDD1 /* Sources */,
				4E1D585B198C65610089EDD1 /* Frameworks */,
				4E1D585C198C65610089EDD1 /* Resources */,
				7113821C276F496AA2D587E7 /* Copy Pods Resources */,
			);
			buildRules = (
			);
			dependencies = (
			);
			name = "Or Else";
			productName = "Or Else";
			productReference = 4E1D585E198C65610089EDD1 /* Or Else.app */;
			productType = "com.apple.product-type.application";
		};
		4E1D5873198C65610089EDD1 /* Or ElseTests */ = {
			isa = PBXNativeTarget;
			buildConfigurationList = 4E1D5881198C65610089EDD1 /* Build configuration list for PBXNativeTarget "Or ElseTests" */;
			buildPhases = (
				4E1D5870198C65610089EDD1 /* Sources */,
				4E1D5871198C65610089EDD1 /* Frameworks */,
				4E1D5872198C65610089EDD1 /* Resources */,
			);
			buildRules = (
			);
			dependencies = (
				4E1D5876198C65610089EDD1 /* PBXTargetDependency */,
			);
			name = "Or ElseTests";
			productName = "Or ElseTests";
			productReference = 4E1D5874198C65610089EDD1 /* Or ElseTests.xctest */;
			productType = "com.apple.product-type.bundle.unit-test";
		};
/* End PBXNativeTarget section */

/* Begin PBXProject section */
		4E1D5856198C65610089EDD1 /* Project object */ = {
			isa = PBXProject;
			attributes = {
				LastUpgradeCheck = 0600;
				ORGANIZATIONNAME = "Tosin Afolabi";
				TargetAttributes = {
					4E1D585D198C65610089EDD1 = {
						CreatedOnToolsVersion = 6.0;
					};
					4E1D5873198C65610089EDD1 = {
						CreatedOnToolsVersion = 6.0;
						TestTargetID = 4E1D585D198C65610089EDD1;
					};
				};
			};
			buildConfigurationList = 4E1D5859198C65610089EDD1 /* Build configuration list for PBXProject "Or Else" */;
			compatibilityVersion = "Xcode 3.2";
			developmentRegion = English;
			hasScannedForEncodings = 0;
			knownRegions = (
				en,
				Base,
			);
			mainGroup = 4E1D5855198C65610089EDD1;
			productRefGroup = 4E1D585F198C65610089EDD1 /* Products */;
			projectDirPath = "";
			projectRoot = "";
			targets = (
				4E1D585D198C65610089EDD1 /* Or Else */,
				4E1D5873198C65610089EDD1 /* Or ElseTests */,
			);
		};
/* End PBXProject section */

/* Begin PBXResourcesBuildPhase section */
		4E1D585C198C65610089EDD1 /* Resources */ = {
			isa = PBXResourcesBuildPhase;
			buildActionMask = 2147483647;
			files = (
				4ED033A5198D98BD003D25A3 /* Campton-Thin.otf in Resources */,
				4ED033A3198D98BD003D25A3 /* Campton-Bold.otf in Resources */,
				4E404FFE19958D9900FB7086 /* HanSolo.png in Resources */,
				4E404FFC19958D9900FB7086 /* CompleteButton.png in Resources */,
				4ED0338F198CF3CE003D25A3 /* Montserrat-Regular.ttf in Resources */,
				4ED033AA198D9A5D003D25A3 /* pointThree.png in Resources */,
				4ED033A9198D9A5D003D25A3 /* pointOne.png in Resources */,
				4E404FFD19958D9900FB7086 /* FailButton.png in Resources */,
				4ED033A4198D98BD003D25A3 /* Campton-Light.otf in Resources */,
				4ED0339F198D8439003D25A3 /* LaunchBackground.png in Resources */,
				4E1D586F198C65610089EDD1 /* Images.xcassets in Resources */,
				4E1BD696198C92E600CDBBE1 /* FBLogo.png in Resources */,
				4ED0338E198CF3CE003D25A3 /* Montserrat-Bold.ttf in Resources */,
				4ED033AB198D9A5D003D25A3 /* pointTwo.png in Resources */,
			);
			runOnlyForDeploymentPostprocessing = 0;
		};
		4E1D5872198C65610089EDD1 /* Resources */ = {
			isa = PBXResourcesBuildPhase;
			buildActionMask = 2147483647;
			files = (
			);
			runOnlyForDeploymentPostprocessing = 0;
		};
/* End PBXResourcesBuildPhase section */

/* Begin PBXShellScriptBuildPhase section */
		20E0EA41B41D489591741678 /* Check Pods Manifest.lock */ = {
			isa = PBXShellScriptBuildPhase;
			buildActionMask = 2147483647;
			files = (
			);
			inputPaths = (
			);
			name = "Check Pods Manifest.lock";
			outputPaths = (
			);
			runOnlyForDeploymentPostprocessing = 0;
			shellPath = /bin/sh;
			shellScript = "diff \"${PODS_ROOT}/../Podfile.lock\" \"${PODS_ROOT}/Manifest.lock\" > /dev/null\nif [[ $? != 0 ]] ; then\n    cat << EOM\nerror: The sandbox is not in sync with the Podfile.lock. Run 'pod install' or update your CocoaPods installation.\nEOM\n    exit 1\nfi\n";
			showEnvVarsInLog = 0;
		};
		7113821C276F496AA2D587E7 /* Copy Pods Resources */ = {
			isa = PBXShellScriptBuildPhase;
			buildActionMask = 2147483647;
			files = (
			);
			inputPaths = (
			);
			name = "Copy Pods Resources";
			outputPaths = (
			);
			runOnlyForDeploymentPostprocessing = 0;
			shellPath = /bin/sh;
			shellScript = "\"${SRCROOT}/Pods/Pods-resources.sh\"\n";
			showEnvVarsInLog = 0;
		};
/* End PBXShellScriptBuildPhase section */

/* Begin PBXSourcesBuildPhase section */
		4E1D585A198C65610089EDD1 /* Sources */ = {
			isa = PBXSourcesBuildPhase;
			buildActionMask = 2147483647;
			files = (
				4E1BD68D198C74E800CDBBE1 /* OELaunchViewController.m in Sources */,
				4E32BB2419A3A4D00018452C /* OENotificationViewController.m in Sources */,
				4E136F39198E966D0014A93A /* OEHeaderView.m in Sources */,
				4E136F33198E49DE0014A93A /* OENewTaskViewController.m in Sources */,
				4E1BD690198C76B000CDBBE1 /* OEHomeViewController.m in Sources */,
				4E7B8AEE198CF6970032AB04 /* UIImage+OverlayColor.m in Sources */,
				4E136F36198E95B10014A93A /* OECardView.m in Sources */,
				4E40500119959C0200FB7086 /* OESubmitView.m in Sources */,
				4E1D5867198C65610089EDD1 /* OEAppDelegate.m in Sources */,
				37ECEE1419C1D59F008D49A4 /* FacebookHelper.m in Sources */,
				4E1D5864198C65610089EDD1 /* main.m in Sources */,
				4E32BB2719A3B0D40018452C /* OEPlaceholderView.m in Sources */,
			);
			runOnlyForDeploymentPostprocessing = 0;
		};
		4E1D5870198C65610089EDD1 /* Sources */ = {
			isa = PBXSourcesBuildPhase;
			buildActionMask = 2147483647;
			files = (
				4E1D587B198C65610089EDD1 /* Or_ElseTests.m in Sources */,
			);
			runOnlyForDeploymentPostprocessing = 0;
		};
/* End PBXSourcesBuildPhase section */

/* Begin PBXTargetDependency section */
		4E1D5876198C65610089EDD1 /* PBXTargetDependency */ = {
			isa = PBXTargetDependency;
			target = 4E1D585D198C65610089EDD1 /* Or Else */;
			targetProxy = 4E1D5875198C65610089EDD1 /* PBXContainerItemProxy */;
		};
/* End PBXTargetDependency section */

/* Begin XCBuildConfiguration section */
		4E1D587C198C65610089EDD1 /* Debug */ = {
			isa = XCBuildConfiguration;
			buildSettings = {
				ALWAYS_SEARCH_USER_PATHS = NO;
				CLANG_CXX_LANGUAGE_STANDARD = "gnu++0x";
				CLANG_CXX_LIBRARY = "libc++";
				CLANG_ENABLE_MODULES = YES;
				CLANG_ENABLE_OBJC_ARC = YES;
				CLANG_WARN_BOOL_CONVERSION = YES;
				CLANG_WARN_CONSTANT_CONVERSION = YES;
				CLANG_WARN_DIRECT_OBJC_ISA_USAGE = YES_ERROR;
				CLANG_WARN_EMPTY_BODY = YES;
				CLANG_WARN_ENUM_CONVERSION = YES;
				CLANG_WARN_INT_CONVERSION = YES;
				CLANG_WARN_OBJC_ROOT_CLASS = YES_ERROR;
				CLANG_WARN_UNREACHABLE_CODE = YES;
				CLANG_WARN__DUPLICATE_METHOD_MATCH = YES;
				"CODE_SIGN_IDENTITY[sdk=iphoneos*]" = "iPhone Developer";
				COPY_PHASE_STRIP = NO;
				ENABLE_STRICT_OBJC_MSGSEND = YES;
				GCC_C_LANGUAGE_STANDARD = gnu99;
				GCC_DYNAMIC_NO_PIC = NO;
				GCC_OPTIMIZATION_LEVEL = 0;
				GCC_PREPROCESSOR_DEFINITIONS = (
					"DEBUG=1",
					"$(inherited)",
				);
				GCC_SYMBOLS_PRIVATE_EXTERN = NO;
				GCC_WARN_64_TO_32_BIT_CONVERSION = YES;
				GCC_WARN_ABOUT_RETURN_TYPE = YES_ERROR;
				GCC_WARN_UNDECLARED_SELECTOR = YES;
				GCC_WARN_UNINITIALIZED_AUTOS = YES_AGGRESSIVE;
				GCC_WARN_UNUSED_FUNCTION = YES;
				GCC_WARN_UNUSED_VARIABLE = YES;
				IPHONEOS_DEPLOYMENT_TARGET = 8.0;
				MTL_ENABLE_DEBUG_INFO = YES;
				ONLY_ACTIVE_ARCH = YES;
				SDKROOT = iphoneos;
			};
			name = Debug;
		};
		4E1D587D198C65610089EDD1 /* Release */ = {
			isa = XCBuildConfiguration;
			buildSettings = {
				ALWAYS_SEARCH_USER_PATHS = NO;
				CLANG_CXX_LANGUAGE_STANDARD = "gnu++0x";
				CLANG_CXX_LIBRARY = "libc++";
				CLANG_ENABLE_MODULES = YES;
				CLANG_ENABLE_OBJC_ARC = YES;
				CLANG_WARN_BOOL_CONVERSION = YES;
				CLANG_WARN_CONSTANT_CONVERSION = YES;
				CLANG_WARN_DIRECT_OBJC_ISA_USAGE = YES_ERROR;
				CLANG_WARN_EMPTY_BODY = YES;
				CLANG_WARN_ENUM_CONVERSION = YES;
				CLANG_WARN_INT_CONVERSION = YES;
				CLANG_WARN_OBJC_ROOT_CLASS = YES_ERROR;
				CLANG_WARN_UNREACHABLE_CODE = YES;
				CLANG_WARN__DUPLICATE_METHOD_MATCH = YES;
				"CODE_SIGN_IDENTITY[sdk=iphoneos*]" = "iPhone Developer";
				COPY_PHASE_STRIP = YES;
				ENABLE_NS_ASSERTIONS = NO;
				ENABLE_STRICT_OBJC_MSGSEND = YES;
				GCC_C_LANGUAGE_STANDARD = gnu99;
				GCC_WARN_64_TO_32_BIT_CONVERSION = YES;
				GCC_WARN_ABOUT_RETURN_TYPE = YES_ERROR;
				GCC_WARN_UNDECLARED_SELECTOR = YES;
				GCC_WARN_UNINITIALIZED_AUTOS = YES_AGGRESSIVE;
				GCC_WARN_UNUSED_FUNCTION = YES;
				GCC_WARN_UNUSED_VARIABLE = YES;
				IPHONEOS_DEPLOYMENT_TARGET = 8.0;
				MTL_ENABLE_DEBUG_INFO = NO;
				SDKROOT = iphoneos;
				VALIDATE_PRODUCT = YES;
			};
			name = Release;
		};
		4E1D587F198C65610089EDD1 /* Debug */ = {
			isa = XCBuildConfiguration;
			baseConfigurationReference = 2A64E4EFBF9547E290B05534 /* Pods.xcconfig */;
			buildSettings = {
				ASSETCATALOG_COMPILER_APPICON_NAME = AppIcon;
				ASSETCATALOG_COMPILER_LAUNCHIMAGE_NAME = LaunchImage;
				FRAMEWORK_SEARCH_PATHS = (
					"$(inherited)",
					"$(PROJECT_DIR)",
					"$(PROJECT_DIR)/Or",
					Else,
					"$(PROJECT_DIR)/Or",
					Else,
					"$(PROJECT_DIR)/Or",
					Else,
					"$(PROJECT_DIR)/Or",
					Else,
					"$(PROJECT_DIR)/Or",
					Else,
					"$(PROJECT_DIR)/Or",
					Else,
				);
				INFOPLIST_FILE = "Or Else/Info.plist";
				LD_RUNPATH_SEARCH_PATHS = "$(inherited) @executable_path/Frameworks";
				LIBRARY_SEARCH_PATHS = "";
				PRODUCT_NAME = "$(TARGET_NAME)";
			};
			name = Debug;
		};
		4E1D5880198C65610089EDD1 /* Release */ = {
			isa = XCBuildConfiguration;
			baseConfigurationReference = 2A64E4EFBF9547E290B05534 /* Pods.xcconfig */;
			buildSettings = {
				ASSETCATALOG_COMPILER_APPICON_NAME = AppIcon;
				ASSETCATALOG_COMPILER_LAUNCHIMAGE_NAME = LaunchImage;
				FRAMEWORK_SEARCH_PATHS = (
					"$(inherited)",
					"$(PROJECT_DIR)",
					"$(PROJECT_DIR)/Or",
					Else,
					"$(PROJECT_DIR)/Or",
					Else,
					"$(PROJECT_DIR)/Or",
					Else,
					"$(PROJECT_DIR)/Or",
					Else,
					"$(PROJECT_DIR)/Or",
					Else,
					"$(PROJECT_DIR)/Or",
					Else,
				);
				INFOPLIST_FILE = "Or Else/Info.plist";
				LD_RUNPATH_SEARCH_PATHS = "$(inherited) @executable_path/Frameworks";
				LIBRARY_SEARCH_PATHS = "";
				PRODUCT_NAME = "$(TARGET_NAME)";
			};
			name = Release;
		};
		4E1D5882198C65610089EDD1 /* Debug */ = {
			isa = XCBuildConfiguration;
			buildSettings = {
				BUNDLE_LOADER = "$(BUILT_PRODUCTS_DIR)/Or Else.app/Or Else";
				FRAMEWORK_SEARCH_PATHS = (
					"$(SDKROOT)/Developer/Library/Frameworks",
					"$(inherited)",
				);
				GCC_PREPROCESSOR_DEFINITIONS = (
					"DEBUG=1",
					"$(inherited)",
				);
				INFOPLIST_FILE = "Or ElseTests/Info.plist";
				LD_RUNPATH_SEARCH_PATHS = "$(inherited) @executable_path/Frameworks @loader_path/Frameworks";
				PRODUCT_NAME = "$(TARGET_NAME)";
				TEST_HOST = "$(BUNDLE_LOADER)";
			};
			name = Debug;
		};
		4E1D5883198C65610089EDD1 /* Release */ = {
			isa = XCBuildConfiguration;
			buildSettings = {
				BUNDLE_LOADER = "$(BUILT_PRODUCTS_DIR)/Or Else.app/Or Else";
				FRAMEWORK_SEARCH_PATHS = (
					"$(SDKROOT)/Developer/Library/Frameworks",
					"$(inherited)",
				);
				INFOPLIST_FILE = "Or ElseTests/Info.plist";
				LD_RUNPATH_SEARCH_PATHS = "$(inherited) @executable_path/Frameworks @loader_path/Frameworks";
				PRODUCT_NAME = "$(TARGET_NAME)";
				TEST_HOST = "$(BUNDLE_LOADER)";
			};
			name = Release;
		};
/* End XCBuildConfiguration section */

/* Begin XCConfigurationList section */
		4E1D5859198C65610089EDD1 /* Build configuration list for PBXProject "Or Else" */ = {
			isa = XCConfigurationList;
			buildConfigurations = (
				4E1D587C198C65610089EDD1 /* Debug */,
				4E1D587D198C65610089EDD1 /* Release */,
			);
			defaultConfigurationIsVisible = 0;
			defaultConfigurationName = Release;
		};
		4E1D587E198C65610089EDD1 /* Build configuration list for PBXNativeTarget "Or Else" */ = {
			isa = XCConfigurationList;
			buildConfigurations = (
				4E1D587F198C65610089EDD1 /* Debug */,
				4E1D5880198C65610089EDD1 /* Release */,
			);
			defaultConfigurationIsVisible = 0;
			defaultConfigurationName = Release;
		};
		4E1D5881198C65610089EDD1 /* Build configuration list for PBXNativeTarget "Or ElseTests" */ = {
			isa = XCConfigurationList;
			buildConfigurations = (
				4E1D5882198C65610089EDD1 /* Debug */,
				4E1D5883198C65610089EDD1 /* Release */,
			);
			defaultConfigurationIsVisible = 0;
			defaultConfigurationName = Release;
		};
/* End XCConfigurationList section */
	};
	rootObject = 4E1D5856198C65610089EDD1 /* Project object */;
}
